// !$*UTF8*$!
{
	archiveVersion = 1;
	classes = {
	};
	objectVersion = 56;
	objects = {

/* Begin PBXBuildFile section */
		9A794232294F32D6001BC315 /* MemoCell.swift in Sources */ = {isa = PBXBuildFile; fileRef = 9A794231294F32D6001BC315 /* MemoCell.swift */; };
		9A794234294F33A2001BC315 /* ComposeView.swift in Sources */ = {isa = PBXBuildFile; fileRef = 9A794233294F33A2001BC315 /* ComposeView.swift */; };
		9A794236294F61F1001BC315 /* DetailView.swift in Sources */ = {isa = PBXBuildFile; fileRef = 9A794235294F61F1001BC315 /* DetailView.swift */; };
		9ABB0A46294E169D00D19074 /* SwiftUIMemoApp.swift in Sources */ = {isa = PBXBuildFile; fileRef = 9ABB0A45294E169D00D19074 /* SwiftUIMemoApp.swift */; };
		9ABB0A4A294E169E00D19074 /* Assets.xcassets in Resources */ = {isa = PBXBuildFile; fileRef = 9ABB0A49294E169E00D19074 /* Assets.xcassets */; };
		9ABB0A4D294E169E00D19074 /* Preview Assets.xcassets in Resources */ = {isa = PBXBuildFile; fileRef = 9ABB0A4C294E169E00D19074 /* Preview Assets.xcassets */; };
		9ABB0A4F294E169E00D19074 /* Persistence.swift in Sources */ = {isa = PBXBuildFile; fileRef = 9ABB0A4E294E169E00D19074 /* Persistence.swift */; };
		9ABB0A52294E169E00D19074 /* SwiftUIMemo.xcdatamodeld in Sources */ = {isa = PBXBuildFile; fileRef = 9ABB0A50294E169E00D19074 /* SwiftUIMemo.xcdatamodeld */; };
		9ABB0A59294E177E00D19074 /* MainListView.swift in Sources */ = {isa = PBXBuildFile; fileRef = 9ABB0A58294E177E00D19074 /* MainListView.swift */; };
		9ABB0A5D294E186800D19074 /* Memo.swift in Sources */ = {isa = PBXBuildFile; fileRef = 9ABB0A5C294E186800D19074 /* Memo.swift */; };
		9ABB0A5F294E195F00D19074 /* MemoStore.swift in Sources */ = {isa = PBXBuildFile; fileRef = 9ABB0A5E294E195F00D19074 /* MemoStore.swift */; };
/* End PBXBuildFile section */

/* Begin PBXFileReference section */
		9A794231294F32D6001BC315 /* MemoCell.swift */ = {isa = PBXFileReference; lastKnownFileType = sourcecode.swift; path = MemoCell.swift; sourceTree = "<group>"; };
		9A794233294F33A2001BC315 /* ComposeView.swift */ = {isa = PBXFileReference; lastKnownFileType = sourcecode.swift; path = ComposeView.swift; sourceTree = "<group>"; };
		9A794235294F61F1001BC315 /* DetailView.swift */ = {isa = PBXFileReference; lastKnownFileType = sourcecode.swift; path = DetailView.swift; sourceTree = "<group>"; };
		9ABB0A42294E169D00D19074 /* SwiftUIMemo.app */ = {isa = PBXFileReference; explicitFileType = wrapper.application; includeInIndex = 0; path = SwiftUIMemo.app; sourceTree = BUILT_PRODUCTS_DIR; };
		9ABB0A45294E169D00D19074 /* SwiftUIMemoApp.swift */ = {isa = PBXFileReference; lastKnownFileType = sourcecode.swift; path = SwiftUIMemoApp.swift; sourceTree = "<group>"; };
		9ABB0A49294E169E00D19074 /* Assets.xcassets */ = {isa = PBXFileReference; lastKnownFileType = folder.assetcatalog; path = Assets.xcassets; sourceTree = "<group>"; };
		9ABB0A4C294E169E00D19074 /* Preview Assets.xcassets */ = {isa = PBXFileReference; lastKnownFileType = folder.assetcatalog; path = "Preview Assets.xcassets"; sourceTree = "<group>"; };
		9ABB0A4E294E169E00D19074 /* Persistence.swift */ = {isa = PBXFileReference; lastKnownFileType = sourcecode.swift; path = Persistence.swift; sourceTree = "<group>"; };
		9ABB0A51294E169E00D19074 /* SwiftUIMemo.xcdatamodel */ = {isa = PBXFileReference; lastKnownFileType = wrapper.xcdatamodel; path = SwiftUIMemo.xcdatamodel; sourceTree = "<group>"; };
		9ABB0A58294E177E00D19074 /* MainListView.swift */ = {isa = PBXFileReference; lastKnownFileType = sourcecode.swift; path = MainListView.swift; sourceTree = "<group>"; };
		9ABB0A5C294E186800D19074 /* Memo.swift */ = {isa = PBXFileReference; lastKnownFileType = sourcecode.swift; path = Memo.swift; sourceTree = "<group>"; };
		9ABB0A5E294E195F00D19074 /* MemoStore.swift */ = {isa = PBXFileReference; lastKnownFileType = sourcecode.swift; path = MemoStore.swift; sourceTree = "<group>"; };
/* End PBXFileReference section */

/* Begin PBXFrameworksBuildPhase section */
		9ABB0A3F294E169D00D19074 /* Frameworks */ = {
			isa = PBXFrameworksBuildPhase;
			buildActionMask = 2147483647;
			files = (
			);
			runOnlyForDeploymentPostprocessing = 0;
		};
/* End PBXFrameworksBuildPhase section */

/* Begin PBXGroup section */
		9A794230294F32B1001BC315 /* View */ = {
			isa = PBXGroup;
			children = (
				9ABB0A58294E177E00D19074 /* MainListView.swift */,
				9A794231294F32D6001BC315 /* MemoCell.swift */,
				9A794233294F33A2001BC315 /* ComposeView.swift */,
				9A794235294F61F1001BC315 /* DetailView.swift */,
			);
			path = View;
			sourceTree = "<group>";
		};
		9ABB0A39294E169D00D19074 = {
			isa = PBXGroup;
			children = (
				9ABB0A44294E169D00D19074 /* SwiftUIMemo */,
				9ABB0A43294E169D00D19074 /* Products */,
			);
			sourceTree = "<group>";
		};
		9ABB0A43294E169D00D19074 /* Products */ = {
			isa = PBXGroup;
			children = (
				9ABB0A42294E169D00D19074 /* SwiftUIMemo.app */,
			);
			name = Products;
			sourceTree = "<group>";
		};
		9ABB0A44294E169D00D19074 /* SwiftUIMemo */ = {
			isa = PBXGroup;
			children = (
				9A794230294F32B1001BC315 /* View */,
				9ABB0A5B294E17FB00D19074 /* Memory */,
				9ABB0A5A294E17E500D19074 /* CoreData */,
				9ABB0A45294E169D00D19074 /* SwiftUIMemoApp.swift */,
				9ABB0A49294E169E00D19074 /* Assets.xcassets */,
				9ABB0A4B294E169E00D19074 /* Preview Content */,
			);
			path = SwiftUIMemo;
			sourceTree = "<group>";
		};
		9ABB0A4B294E169E00D19074 /* Preview Content */ = {
			isa = PBXGroup;
			children = (
				9ABB0A4C294E169E00D19074 /* Preview Assets.xcassets */,
			);
			path = "Preview Content";
			sourceTree = "<group>";
		};
		9ABB0A5A294E17E500D19074 /* CoreData */ = {
			isa = PBXGroup;
			children = (
				9ABB0A4E294E169E00D19074 /* Persistence.swift */,
				9ABB0A50294E169E00D19074 /* SwiftUIMemo.xcdatamodeld */,
			);
			path = CoreData;
			sourceTree = "<group>";
		};
		9ABB0A5B294E17FB00D19074 /* Memory */ = {
			isa = PBXGroup;
			children = (
				9ABB0A5C294E186800D19074 /* Memo.swift */,
				9ABB0A5E294E195F00D19074 /* MemoStore.swift */,
			);
			path = Memory;
			sourceTree = "<group>";
		};
/* End PBXGroup section */

/* Begin PBXNativeTarget section */
		9ABB0A41294E169D00D19074 /* SwiftUIMemo */ = {
			isa = PBXNativeTarget;
			buildConfigurationList = 9ABB0A55294E169E00D19074 /* Build configuration list for PBXNativeTarget "SwiftUIMemo" */;
			buildPhases = (
				9ABB0A3E294E169D00D19074 /* Sources */,
				9ABB0A3F294E169D00D19074 /* Frameworks */,
				9ABB0A40294E169D00D19074 /* Resources */,
			);
			buildRules = (
			);
			dependencies = (
			);
			name = SwiftUIMemo;
			productName = SwiftUIMemo;
			productReference = 9ABB0A42294E169D00D19074 /* SwiftUIMemo.app */;
			productType = "com.apple.product-type.application";
		};
/* End PBXNativeTarget section */

/* Begin PBXProject section */
		9ABB0A3A294E169D00D19074 /* Project object */ = {
			isa = PBXProject;
			attributes = {
				BuildIndependentTargetsInParallel = 1;
				LastSwiftUpdateCheck = 1420;
				LastUpgradeCheck = 1420;
				TargetAttributes = {
					9ABB0A41294E169D00D19074 = {
						CreatedOnToolsVersion = 14.2;
					};
				};
			};
			buildConfigurationList = 9ABB0A3D294E169D00D19074 /* Build configuration list for PBXProject "SwiftUIMemo" */;
			compatibilityVersion = "Xcode 14.0";
			developmentRegion = en;
			hasScannedForEncodings = 0;
			knownRegions = (
				en,
				Base,
			);
			mainGroup = 9ABB0A39294E169D00D19074;
			productRefGroup = 9ABB0A43294E169D00D19074 /* Products */;
			projectDirPath = "";
			projectRoot = "";
			targets = (
				9ABB0A41294E169D00D19074 /* SwiftUIMemo */,
			);
		};
/* End PBXProject section */

/* Begin PBXResourcesBuildPhase section */
		9ABB0A40294E169D00D19074 /* Resources */ = {
			isa = PBXResourcesBuildPhase;
			buildActionMask = 2147483647;
			files = (
				9ABB0A4D294E169E00D19074 /* Preview Assets.xcassets in Resources */,
				9ABB0A4A294E169E00D19074 /* Assets.xcassets in Resources */,
			);
			runOnlyForDeploymentPostprocessing = 0;
		};
/* End PBXResourcesBuildPhase section */

/* Begin PBXSourcesBuildPhase section */
		9ABB0A3E294E169D00D19074 /* Sources */ = {
			isa = PBXSourcesBuildPhase;
			buildActionMask = 2147483647;
			files = (
				9A794232294F32D6001BC315 /* MemoCell.swift in Sources */,
				9A794236294F61F1001BC315 /* DetailView.swift in Sources */,
				9ABB0A4F294E169E00D19074 /* Persistence.swift in Sources */,
				9ABB0A5F294E195F00D19074 /* MemoStore.swift in Sources */,
				9ABB0A59294E177E00D19074 /* MainListView.swift in Sources */,
				9ABB0A52294E169E00D19074 /* SwiftUIMemo.xcdatamodeld in Sources */,
				9A794234294F33A2001BC315 /* ComposeView.swift in Sources */,
				9ABB0A46294E169D00D19074 /* SwiftUIMemoApp.swift in Sources */,
				9ABB0A5D294E186800D19074 /* Memo.swift in Sources */,
			);
			runOnlyForDeploymentPostprocessing = 0;
		};
/* End PBXSourcesBuildPhase section */

/* Begin XCBuildConfiguration section */
		9ABB0A53294E169E00D19074 /* Debug */ = {
			isa = XCBuildConfiguration;
			buildSettings = {
				ALWAYS_SEARCH_USER_PATHS = NO;
				CLANG_ANALYZER_NONNULL = YES;
				CLANG_ANALYZER_NUMBER_OBJECT_CONVERSION = YES_AGGRESSIVE;
				CLANG_CXX_LANGUAGE_STANDARD = "gnu++20";
				CLANG_ENABLE_MODULES = YES;
				CLANG_ENABLE_OBJC_ARC = YES;
				CLANG_ENABLE_OBJC_WEAK = YES;
				CLANG_WARN_BLOCK_CAPTURE_AUTORELEASING = YES;
				CLANG_WARN_BOOL_CONVERSION = YES;
				CLANG_WARN_COMMA = YES;
				CLANG_WARN_CONSTANT_CONVERSION = YES;
				CLANG_WARN_DEPRECATED_OBJC_IMPLEMENTATIONS = YES;
				CLANG_WARN_DIRECT_OBJC_ISA_USAGE = YES_ERROR;
				CLANG_WARN_DOCUMENTATION_COMMENTS = YES;
				CLANG_WARN_EMPTY_BODY = YES;
				CLANG_WARN_ENUM_CONVERSION = YES;
				CLANG_WARN_INFINITE_RECURSION = YES;
				CLANG_WARN_INT_CONVERSION = YES;
				CLANG_WARN_NON_LITERAL_NULL_CONVERSION = YES;
				CLANG_WARN_OBJC_IMPLICIT_RETAIN_SELF = YES;
				CLANG_WARN_OBJC_LITERAL_CONVERSION = YES;
				CLANG_WARN_OBJC_ROOT_CLASS = YES_ERROR;
				CLANG_WARN_QUOTED_INCLUDE_IN_FRAMEWORK_HEADER = YES;
				CLANG_WARN_RANGE_LOOP_ANALYSIS = YES;
				CLANG_WARN_STRICT_PROTOTYPES = YES;
				CLANG_WARN_SUSPICIOUS_MOVE = YES;
				CLANG_WARN_UNGUARDED_AVAILABILITY = YES_AGGRESSIVE;
				CLANG_WARN_UNREACHABLE_CODE = YES;
				CLANG_WARN__DUPLICATE_METHOD_MATCH = YES;
				COPY_PHASE_STRIP = NO;
				DEBUG_INFORMATION_FORMAT = dwarf;
				ENABLE_STRICT_OBJC_MSGSEND = YES;
				ENABLE_TESTABILITY = YES;
				GCC_C_LANGUAGE_STANDARD = gnu11;
				GCC_DYNAMIC_NO_PIC = NO;
				GCC_NO_COMMON_BLOCKS = YES;
				GCC_OPTIMIZATION_LEVEL = 0;
				GCC_PREPROCESSOR_DEFINITIONS = (
					"DEBUG=1",
					"$(inherited)",
				);
				GCC_WARN_64_TO_32_BIT_CONVERSION = YES;
				GCC_WARN_ABOUT_RETURN_TYPE = YES_ERROR;
				GCC_WARN_UNDECLARED_SELECTOR = YES;
				GCC_WARN_UNINITIALIZED_AUTOS = YES_AGGRESSIVE;
				GCC_WARN_UNUSED_FUNCTION = YES;
				GCC_WARN_UNUSED_VARIABLE = YES;
				IPHONEOS_DEPLOYMENT_TARGET = 16.2;
				MTL_ENABLE_DEBUG_INFO = INCLUDE_SOURCE;
				MTL_FAST_MATH = YES;
				ONLY_ACTIVE_ARCH = YES;
				SDKROOT = iphoneos;
				SWIFT_ACTIVE_COMPILATION_CONDITIONS = DEBUG;
				SWIFT_OPTIMIZATION_LEVEL = "-Onone";
			};
			name = Debug;
		};
		9ABB0A54294E169E00D19074 /* Release */ = {
			isa = XCBuildConfiguration;
			buildSettings = {
				ALWAYS_SEARCH_USER_PATHS = NO;
				CLANG_ANALYZER_NONNULL = YES;
				CLANG_ANALYZER_NUMBER_OBJECT_CONVERSION = YES_AGGRESSIVE;
				CLANG_CXX_LANGUAGE_STANDARD = "gnu++20";
				CLANG_ENABLE_MODULES = YES;
				CLANG_ENABLE_OBJC_ARC = YES;
				CLANG_ENABLE_OBJC_WEAK = YES;
				CLANG_WARN_BLOCK_CAPTURE_AUTORELEASING = YES;
				CLANG_WARN_BOOL_CONVERSION = YES;
				CLANG_WARN_COMMA = YES;
				CLANG_WARN_CONSTANT_CONVERSION = YES;
				CLANG_WARN_DEPRECATED_OBJC_IMPLEMENTATIONS = YES;
				CLANG_WARN_DIRECT_OBJC_ISA_USAGE = YES_ERROR;
				CLANG_WARN_DOCUMENTATION_COMMENTS = YES;
				CLANG_WARN_EMPTY_BODY = YES;
				CLANG_WARN_ENUM_CONVERSION = YES;
				CLANG_WARN_INFINITE_RECURSION = YES;
				CLANG_WARN_INT_CONVERSION = YES;
				CLANG_WARN_NON_LITERAL_NULL_CONVERSION = YES;
				CLANG_WARN_OBJC_IMPLICIT_RETAIN_SELF = YES;
				CLANG_WARN_OBJC_LITERAL_CONVERSION = YES;
				CLANG_WARN_OBJC_ROOT_CLASS = YES_ERROR;
				CLANG_WARN_QUOTED_INCLUDE_IN_FRAMEWORK_HEADER = YES;
				CLANG_WARN_RANGE_LOOP_ANALYSIS = YES;
				CLANG_WARN_STRICT_PROTOTYPES = YES;
				CLANG_WARN_SUSPICIOUS_MOVE = YES;
				CLANG_WARN_UNGUARDED_AVAILABILITY = YES_AGGRESSIVE;
				CLANG_WARN_UNREACHABLE_CODE = YES;
				CLANG_WARN__DUPLICATE_METHOD_MATCH = YES;
				COPY_PHASE_STRIP = NO;
				DEBUG_INFORMATION_FORMAT = "dwarf-with-dsym";
				ENABLE_NS_ASSERTIONS = NO;
				ENABLE_STRICT_OBJC_MSGSEND = YES;
				GCC_C_LANGUAGE_STANDARD = gnu11;
				GCC_NO_COMMON_BLOCKS = YES;
				GCC_WARN_64_TO_32_BIT_CONVERSION = YES;
				GCC_WARN_ABOUT_RETURN_TYPE = YES_ERROR;
				GCC_WARN_UNDECLARED_SELECTOR = YES;
				GCC_WARN_UNINITIALIZED_AUTOS = YES_AGGRESSIVE;
				GCC_WARN_UNUSED_FUNCTION = YES;
				GCC_WARN_UNUSED_VARIABLE = YES;
				IPHONEOS_DEPLOYMENT_TARGET = 16.2;
				MTL_ENABLE_DEBUG_INFO = NO;
				MTL_FAST_MATH = YES;
				SDKROOT = iphoneos;
				SWIFT_COMPILATION_MODE = wholemodule;
				SWIFT_OPTIMIZATION_LEVEL = "-O";
				VALIDATE_PRODUCT = YES;
			};
			name = Release;
		};
		9ABB0A56294E169E00D19074 /* Debug */ = {
			isa = XCBuildConfiguration;
			buildSettings = {
				ASSETCATALOG_COMPILER_APPICON_NAME = AppIcon;
				ASSETCATALOG_COMPILER_GLOBAL_ACCENT_COLOR_NAME = AccentColor;
				CODE_SIGN_STYLE = Automatic;
				CURRENT_PROJECT_VERSION = 1;
				DEVELOPMENT_ASSET_PATHS = "\"SwiftUIMemo/Preview Content\"";
				DEVELOPMENT_TEAM = T7DCG46UU9;
				ENABLE_PREVIEWS = YES;
				GENERATE_INFOPLIST_FILE = YES;
				INFOPLIST_KEY_UIApplicationSceneManifest_Generation = YES;
				INFOPLIST_KEY_UIApplicationSupportsIndirectInputEvents = YES;
				INFOPLIST_KEY_UILaunchScreen_Generation = YES;
				INFOPLIST_KEY_UISupportedInterfaceOrientations_iPad = "UIInterfaceOrientationPortrait UIInterfaceOrientationPortraitUpsideDown UIInterfaceOrientationLandscapeLeft UIInterfaceOrientationLandscapeRight";
				INFOPLIST_KEY_UISupportedInterfaceOrientations_iPhone = "UIInterfaceOrientationPortrait UIInterfaceOrientationLandscapeLeft UIInterfaceOrientationLandscapeRight";
				LD_RUNPATH_SEARCH_PATHS = (
					"$(inherited)",
					"@executable_path/Frameworks",
				);
				MARKETING_VERSION = 1.0;
				PRODUCT_BUNDLE_IDENTIFIER = IceArrow.SwiftUIMemo;
				PRODUCT_NAME = "$(TARGET_NAME)";
				SWIFT_EMIT_LOC_STRINGS = YES;
				SWIFT_VERSION = 5.0;
				TARGETED_DEVICE_FAMILY = "1,2";
			};
			name = Debug;
		};
		9ABB0A57294E169E00D19074 /* Release */ = {
			isa = XCBuildConfiguration;
			buildSettings = {
				ASSETCATALOG_COMPILER_APPICON_NAME = AppIcon;
				ASSETCATALOG_COMPILER_GLOBAL_ACCENT_COLOR_NAME = AccentColor;
				CODE_SIGN_STYLE = Automatic;
				CURRENT_PROJECT_VERSION = 1;
				DEVELOPMENT_ASSET_PATHS = "\"SwiftUIMemo/Preview Content\"";
				DEVELOPMENT_TEAM = T7DCG46UU9;
				ENABLE_PREVIEWS = YES;
				GENERATE_INFOPLIST_FILE = YES;
				INFOPLIST_KEY_UIApplicationSceneManifest_Generation = YES;
				INFOPLIST_KEY_UIApplicationSupportsIndirectInputEvents = YES;
				INFOPLIST_KEY_UILaunchScreen_Generation = YES;
				INFOPLIST_KEY_UISupportedInterfaceOrientations_iPad = "UIInterfaceOrientationPortrait UIInterfaceOrientationPortraitUpsideDown UIInterfaceOrientationLandscapeLeft UIInterfaceOrientationLandscapeRight";
				INFOPLIST_KEY_UISupportedInterfaceOrientations_iPhone = "UIInterfaceOrientationPortrait UIInterfaceOrientationLandscapeLeft UIInterfaceOrientationLandscapeRight";
				LD_RUNPATH_SEARCH_PATHS = (
					"$(inherited)",
					"@executable_path/Frameworks",
				);
				MARKETING_VERSION = 1.0;
				PRODUCT_BUNDLE_IDENTIFIER = IceArrow.SwiftUIMemo;
				PRODUCT_NAME = "$(TARGET_NAME)";
				SWIFT_EMIT_LOC_STRINGS = YES;
				SWIFT_VERSION = 5.0;
				TARGETED_DEVICE_FAMILY = "1,2";
			};
			name = Release;
		};
/* End XCBuildConfiguration section */

/* Begin XCConfigurationList section */
		9ABB0A3D294E169D00D19074 /* Build configuration list for PBXProject "SwiftUIMemo" */ = {
			isa = XCConfigurationList;
			buildConfigurations = (
				9ABB0A53294E169E00D19074 /* Debug */,
				9ABB0A54294E169E00D19074 /* Release */,
			);
			defaultConfigurationIsVisible = 0;
			defaultConfigurationName = Release;
		};
		9ABB0A55294E169E00D19074 /* Build configuration list for PBXNativeTarget "SwiftUIMemo" */ = {
			isa = XCConfigurationList;
			buildConfigurations = (
				9ABB0A56294E169E00D19074 /* Debug */,
				9ABB0A57294E169E00D19074 /* Release */,
			);
			defaultConfigurationIsVisible = 0;
			defaultConfigurationName = Release;
		};
/* End XCConfigurationList section */

/* Begin XCVersionGroup section */
		9ABB0A50294E169E00D19074 /* SwiftUIMemo.xcdatamodeld */ = {
			isa = XCVersionGroup;
			children = (
				9ABB0A51294E169E00D19074 /* SwiftUIMemo.xcdatamodel */,
			);
			currentVersion = 9ABB0A51294E169E00D19074 /* SwiftUIMemo.xcdatamodel */;
			path = SwiftUIMemo.xcdatamodeld;
			sourceTree = "<group>";
			versionGroupType = wrapper.xcdatamodel;
		};
/* End XCVersionGroup section */
	};
	rootObject = 9ABB0A3A294E169D00D19074 /* Project object */;
}
